
Microsoft Visual Studio Solution File, Format Version 12.00
# Visual Studio Version 16
VisualStudioVersion = 16.0.29102.190
MinimumVisualStudioVersion = 10.0.40219.1
Project("{9A19103F-16F7-4668-BE54-9A1E7A4F7556}") = "WorkManager", "WorkManager\WorkManager.csproj", "{D6CF8DD1-063F-4EC1-AE12-FCD46226BA6C}"
EndProject
Project("{9A19103F-16F7-4668-BE54-9A1E7A4F7556}") = "WorkManager.Data", "WorkManager.Data\WorkManager.Data.csproj", "{10A6CD6E-C5DC-4FC7-9660-9BB95F09F579}"
EndProject
Project("{9A19103F-16F7-4668-BE54-9A1E7A4F7556}") = "WorkManager.WebApi", "WorkManager.WebApi\WorkManager.WebApi.csproj", "{F7455D46-195B-4268-8EDD-0253F14C4D40}"
EndProject
Project("{FAE04EC0-301F-11D3-BF4B-00C04F79EFBC}") = "WorkManager.BackgroundWorker", "WorkManager.BackgroundWorker\WorkManager.BackgroundWorker.csproj", "{CEB838AD-5955-4DFA-822D-7AEB9D7504A2}"
EndProject
Global
	GlobalSection(SolutionConfigurationPlatforms) = preSolution
		Debug|Any CPU = Debug|Any CPU
		Release|Any CPU = Release|Any CPU
	EndGlobalSection
	GlobalSection(ProjectConfigurationPlatforms) = postSolution
		{D6CF8DD1-063F-4EC1-AE12-FCD46226BA6C}.Debug|Any CPU.ActiveCfg = Debug|Any CPU
		{D6CF8DD1-063F-4EC1-AE12-FCD46226BA6C}.Debug|Any CPU.Build.0 = Debug|Any CPU
		{D6CF8DD1-063F-4EC1-AE12-FCD46226BA6C}.Release|Any CPU.ActiveCfg = Release|Any CPU
		{D6CF8DD1-063F-4EC1-AE12-FCD46226BA6C}.Release|Any CPU.Build.0 = Release|Any CPU
		{10A6CD6E-C5DC-4FC7-9660-9BB95F09F579}.Debug|Any CPU.ActiveCfg = Debug|Any CPU
		{10A6CD6E-C5DC-4FC7-9660-9BB95F09F579}.Debug|Any CPU.Build.0 = Debug|Any CPU
		{10A6CD6E-C5DC-4FC7-9660-9BB95F09F579}.Release|Any CPU.ActiveCfg = Release|Any CPU
		{10A6CD6E-C5DC-4FC7-9660-9BB95F09F579}.Release|Any CPU.Build.0 = Release|Any CPU
		{F7455D46-195B-4268-8EDD-0253F14C4D40}.Debug|Any CPU.ActiveCfg = Debug|Any CPU
		{F7455D46-195B-4268-8EDD-0253F14C4D40}.Debug|Any CPU.Build.0 = Debug|Any CPU
		{F7455D46-195B-4268-8EDD-0253F14C4D40}.Release|Any CPU.ActiveCfg = Release|Any CPU
		{F7455D46-195B-4268-8EDD-0253F14C4D40}.Release|Any CPU.Build.0 = Release|Any CPU
		{CEB838AD-5955-4DFA-822D-7AEB9D7504A2}.Debug|Any CPU.ActiveCfg = Debug|Any CPU
		{CEB838AD-5955-4DFA-822D-7AEB9D7504A2}.Debug|Any CPU.Build.0 = Debug|Any CPU
		{CEB838AD-5955-4DFA-822D-7AEB9D7504A2}.Release|Any CPU.ActiveCfg = Release|Any CPU
		{CEB838AD-5955-4DFA-822D-7AEB9D7504A2}.Release|Any CPU.Build.0 = Release|Any CPU
	EndGlobalSection
	GlobalSection(SolutionProperties) = preSolution
		HideSolutionNode = FALSE
	EndGlobalSection
	GlobalSection(ExtensibilityGlobals) = postSolution
		SolutionGuid = {D5BBCFCB-AE14-4E18-B4E2-BE56A3C80BF0}
	EndGlobalSection
EndGlobal
